// !$*UTF8*$!
{
	archiveVersion = 1;
	classes = {
	};
	objectVersion = 77;
	objects = {

/* Begin PBXBuildFile section */
		1CE8CD362CC548EE00A22D57 /* Alamofire in Frameworks */ = {isa = PBXBuildFile; productRef = 1CE8CD352CC548EE00A22D57 /* Alamofire */; };
		1CF27E4F2CC54BFA00F0CC1A /* Alamofire in Frameworks */ = {isa = PBXBuildFile; productRef = 1CF27E4E2CC54BFA00F0CC1A /* Alamofire */; };
		1CF27E742CC5717000F0CC1A /* SwiftyJSON in Frameworks */ = {isa = PBXBuildFile; productRef = 1CF27E732CC5717000F0CC1A /* SwiftyJSON */; };
		1CFE1A782CC54B5B00DD0A32 /* Alamofire in Frameworks */ = {isa = PBXBuildFile; productRef = 1CFE1A772CC54B5B00DD0A32 /* Alamofire */; };
/* End PBXBuildFile section */

/* Begin PBXContainerItemProxy section */
		1C0411D02CC53348003F1D61 /* PBXContainerItemProxy */ = {
			isa = PBXContainerItemProxy;
			containerPortal = 1C0411B12CC53341003F1D61 /* Project object */;
			proxyType = 1;
			remoteGlobalIDString = 1C0411B82CC53341003F1D61;
			remoteInfo = NodeNote;
		};
		1C0411DA2CC53348003F1D61 /* PBXContainerItemProxy */ = {
			isa = PBXContainerItemProxy;
			containerPortal = 1C0411B12CC53341003F1D61 /* Project object */;
			proxyType = 1;
			remoteGlobalIDString = 1C0411B82CC53341003F1D61;
			remoteInfo = NodeNote;
		};
/* End PBXContainerItemProxy section */

/* Begin PBXCopyFilesBuildPhase section */
		1CF27E4D2CC54B9600F0CC1A /* Embed Frameworks */ = {
			isa = PBXCopyFilesBuildPhase;
			buildActionMask = 2147483647;
			dstPath = "";
			dstSubfolderSpec = 10;
			files = (
			);
			name = "Embed Frameworks";
			runOnlyForDeploymentPostprocessing = 0;
		};
/* End PBXCopyFilesBuildPhase section */

/* Begin PBXFileReference section */
		1C8E7FAE2CC53F0900E5C8A2 /* NodeNote.app */ = {isa = PBXFileReference; explicitFileType = wrapper.application; includeInIndex = 0; path = NodeNote.app; sourceTree = BUILT_PRODUCTS_DIR; };
		1C8E7FAF2CC53F0900E5C8A2 /* NodeNoteTests.xctest */ = {isa = PBXFileReference; explicitFileType = wrapper.cfbundle; includeInIndex = 0; path = NodeNoteTests.xctest; sourceTree = BUILT_PRODUCTS_DIR; };
		1C8E7FB02CC53F0900E5C8A2 /* NodeNoteUITests.xctest */ = {isa = PBXFileReference; explicitFileType = wrapper.cfbundle; includeInIndex = 0; path = NodeNoteUITests.xctest; sourceTree = BUILT_PRODUCTS_DIR; };
/* End PBXFileReference section */

/* Begin PBXFileSystemSynchronizedBuildFileExceptionSet section */
		1C0411E12CC53348003F1D61 /* Exceptions for "NodeNote" folder in "NodeNote" target */ = {
			isa = PBXFileSystemSynchronizedBuildFileExceptionSet;
			membershipExceptions = (
				Info.plist,
			);
			target = 1C0411B82CC53341003F1D61 /* NodeNote */;
		};
		1CF27E542CC55B0000F0CC1A /* Exceptions for "NodeNote" folder in "NodeNoteTests" target */ = {
			isa = PBXFileSystemSynchronizedBuildFileExceptionSet;
			membershipExceptions = (
				AddNoteViewController.swift,
			);
			target = 1C0411CE2CC53347003F1D61 /* NodeNoteTests */;
		};
		1CF27E552CC55B0000F0CC1A /* Exceptions for "NodeNote" folder in "NodeNoteUITests" target */ = {
			isa = PBXFileSystemSynchronizedBuildFileExceptionSet;
			membershipExceptions = (
				AddNoteViewController.swift,
			);
			target = 1C0411D82CC53348003F1D61 /* NodeNoteUITests */;
		};
/* End PBXFileSystemSynchronizedBuildFileExceptionSet section */

/* Begin PBXFileSystemSynchronizedRootGroup section */
		1C0411BB2CC53341003F1D61 /* NodeNote */ = {
			isa = PBXFileSystemSynchronizedRootGroup;
			exceptions = (
				1C0411E12CC53348003F1D61 /* Exceptions for "NodeNote" folder in "NodeNote" target */,
				1CF27E542CC55B0000F0CC1A /* Exceptions for "NodeNote" folder in "NodeNoteTests" target */,
				1CF27E552CC55B0000F0CC1A /* Exceptions for "NodeNote" folder in "NodeNoteUITests" target */,
			);
			path = NodeNote;
			sourceTree = "<group>";
		};
		1C0411D22CC53348003F1D61 /* NodeNoteTests */ = {
			isa = PBXFileSystemSynchronizedRootGroup;
			path = NodeNoteTests;
			sourceTree = "<group>";
		};
		1C0411DC2CC53348003F1D61 /* NodeNoteUITests */ = {
			isa = PBXFileSystemSynchronizedRootGroup;
			path = NodeNoteUITests;
			sourceTree = "<group>";
		};
/* End PBXFileSystemSynchronizedRootGroup section */

/* Begin PBXFrameworksBuildPhase section */
		1C0411B62CC53341003F1D61 /* Frameworks */ = {
			isa = PBXFrameworksBuildPhase;
			buildActionMask = 2147483647;
			files = (
				1CF27E742CC5717000F0CC1A /* SwiftyJSON in Frameworks */,
				1CFE1A782CC54B5B00DD0A32 /* Alamofire in Frameworks */,
			);
			runOnlyForDeploymentPostprocessing = 0;
		};
		1C0411CC2CC53347003F1D61 /* Frameworks */ = {
			isa = PBXFrameworksBuildPhase;
			buildActionMask = 2147483647;
			files = (
				1CF27E4F2CC54BFA00F0CC1A /* Alamofire in Frameworks */,
			);
			runOnlyForDeploymentPostprocessing = 0;
		};
		1C0411D62CC53348003F1D61 /* Frameworks */ = {
			isa = PBXFrameworksBuildPhase;
			buildActionMask = 2147483647;
			files = (
				1CE8CD362CC548EE00A22D57 /* Alamofire in Frameworks */,
			);
			runOnlyForDeploymentPostprocessing = 0;
		};
/* End PBXFrameworksBuildPhase section */

/* Begin PBXGroup section */
		1C0411B02CC53340003F1D61 = {
			isa = PBXGroup;
			children = (
				1C0411BB2CC53341003F1D61 /* NodeNote */,
				1C0411D22CC53348003F1D61 /* NodeNoteTests */,
				1C0411DC2CC53348003F1D61 /* NodeNoteUITests */,
				1C8E7FAE2CC53F0900E5C8A2 /* NodeNote.app */,
				1C8E7FAF2CC53F0900E5C8A2 /* NodeNoteTests.xctest */,
				1C8E7FB02CC53F0900E5C8A2 /* NodeNoteUITests.xctest */,
				1CF27E492CC54B9600F0CC1A /* Frameworks */,
			);
			sourceTree = "<group>";
		};
		1CF27E492CC54B9600F0CC1A /* Frameworks */ = {
			isa = PBXGroup;
			children = (
			);
			name = Frameworks;
			sourceTree = "<group>";
		};
/* End PBXGroup section */

/* Begin PBXNativeTarget section */
		1C0411B82CC53341003F1D61 /* NodeNote */ = {
			isa = PBXNativeTarget;
			buildConfigurationList = 1C0411E22CC53348003F1D61 /* Build configuration list for PBXNativeTarget "NodeNote" */;
			buildPhases = (
				1C0411B52CC53341003F1D61 /* Sources */,
				1C0411B62CC53341003F1D61 /* Frameworks */,
				1C0411B72CC53341003F1D61 /* Resources */,
				1CF27E4D2CC54B9600F0CC1A /* Embed Frameworks */,
			);
			buildRules = (
			);
			dependencies = (
			);
			fileSystemSynchronizedGroups = (
				1C0411BB2CC53341003F1D61 /* NodeNote */,
			);
			name = NodeNote;
			packageProductDependencies = (
				1CFE1A772CC54B5B00DD0A32 /* Alamofire */,
				1CF27E732CC5717000F0CC1A /* SwiftyJSON */,
			);
			productName = NodeNote;
			productReference = 1C8E7FAE2CC53F0900E5C8A2 /* NodeNote.app */;
			productType = "com.apple.product-type.application";
		};
		1C0411CE2CC53347003F1D61 /* NodeNoteTests */ = {
			isa = PBXNativeTarget;
			buildConfigurationList = 1C0411E72CC53348003F1D61 /* Build configuration list for PBXNativeTarget "NodeNoteTests" */;
			buildPhases = (
				1C0411CB2CC53347003F1D61 /* Sources */,
				1C0411CC2CC53347003F1D61 /* Frameworks */,
				1C0411CD2CC53347003F1D61 /* Resources */,
			);
			buildRules = (
			);
			dependencies = (
				1C0411D12CC53348003F1D61 /* PBXTargetDependency */,
			);
			fileSystemSynchronizedGroups = (
				1C0411D22CC53348003F1D61 /* NodeNoteTests */,
			);
			name = NodeNoteTests;
			packageProductDependencies = (
				1CF27E4E2CC54BFA00F0CC1A /* Alamofire */,
			);
			productName = NodeNoteTests;
			productReference = 1C8E7FAF2CC53F0900E5C8A2 /* NodeNoteTests.xctest */;
			productType = "com.apple.product-type.bundle.unit-test";
		};
		1C0411D82CC53348003F1D61 /* NodeNoteUITests */ = {
			isa = PBXNativeTarget;
			buildConfigurationList = 1C0411EA2CC53348003F1D61 /* Build configuration list for PBXNativeTarget "NodeNoteUITests" */;
			buildPhases = (
				1C0411D52CC53348003F1D61 /* Sources */,
				1C0411D62CC53348003F1D61 /* Frameworks */,
				1C0411D72CC53348003F1D61 /* Resources */,
			);
			buildRules = (
			);
			dependencies = (
				1C0411DB2CC53348003F1D61 /* PBXTargetDependency */,
			);
			fileSystemSynchronizedGroups = (
				1C0411DC2CC53348003F1D61 /* NodeNoteUITests */,
			);
			name = NodeNoteUITests;
			packageProductDependencies = (
				1CE8CD352CC548EE00A22D57 /* Alamofire */,
			);
			productName = NodeNoteUITests;
			productReference = 1C8E7FB02CC53F0900E5C8A2 /* NodeNoteUITests.xctest */;
			productType = "com.apple.product-type.bundle.ui-testing";
		};
/* End PBXNativeTarget section */

/* Begin PBXProject section */
		1C0411B12CC53341003F1D61 /* Project object */ = {
			isa = PBXProject;
			attributes = {
				BuildIndependentTargetsInParallel = 1;
				LastSwiftUpdateCheck = 1600;
				LastUpgradeCheck = 1600;
				TargetAttributes = {
					1C0411B82CC53341003F1D61 = {
						CreatedOnToolsVersion = 16.0;
					};
					1C0411CE2CC53347003F1D61 = {
						CreatedOnToolsVersion = 16.0;
						TestTargetID = 1C0411B82CC53341003F1D61;
					};
					1C0411D82CC53348003F1D61 = {
						CreatedOnToolsVersion = 16.0;
						TestTargetID = 1C0411B82CC53341003F1D61;
					};
				};
			};
			buildConfigurationList = 1C0411B42CC53341003F1D61 /* Build configuration list for PBXProject "NodeNote" */;
			developmentRegion = en;
			hasScannedForEncodings = 0;
			knownRegions = (
				en,
				Base,
			);
			mainGroup = 1C0411B02CC53340003F1D61;
			minimizedProjectReferenceProxies = 1;
			packageReferences = (
				1C0411ED2CC53CFC003F1D61 /* XCRemoteSwiftPackageReference "Alamofire" */,
				1CF27E722CC5717000F0CC1A /* XCRemoteSwiftPackageReference "SwiftyJSON" */,
			);
			preferredProjectObjectVersion = 77;
			productRefGroup = 1C0411B02CC53340003F1D61;
			projectDirPath = "";
			projectRoot = "";
			targets = (
				1C0411B82CC53341003F1D61 /* NodeNote */,
				1C0411CE2CC53347003F1D61 /* NodeNoteTests */,
				1C0411D82CC53348003F1D61 /* NodeNoteUITests */,
			);
		};
/* End PBXProject section */

/* Begin PBXResourcesBuildPhase section */
		1C0411B72CC53341003F1D61 /* Resources */ = {
			isa = PBXResourcesBuildPhase;
			buildActionMask = 2147483647;
			files = (
			);
			runOnlyForDeploymentPostprocessing = 0;
		};
		1C0411CD2CC53347003F1D61 /* Resources */ = {
			isa = PBXResourcesBuildPhase;
			buildActionMask = 2147483647;
			files = (
			);
			runOnlyForDeploymentPostprocessing = 0;
		};
		1C0411D72CC53348003F1D61 /* Resources */ = {
			isa = PBXResourcesBuildPhase;
			buildActionMask = 2147483647;
			files = (
			);
			runOnlyForDeploymentPostprocessing = 0;
		};
/* End PBXResourcesBuildPhase section */

/* Begin PBXSourcesBuildPhase section */
		1C0411B52CC53341003F1D61 /* Sources */ = {
			isa = PBXSourcesBuildPhase;
			buildActionMask = 2147483647;
			files = (
			);
			runOnlyForDeploymentPostprocessing = 0;
		};
		1C0411CB2CC53347003F1D61 /* Sources */ = {
			isa = PBXSourcesBuildPhase;
			buildActionMask = 2147483647;
			files = (
			);
			runOnlyForDeploymentPostprocessing = 0;
		};
		1C0411D52CC53348003F1D61 /* Sources */ = {
			isa = PBXSourcesBuildPhase;
			buildActionMask = 2147483647;
			files = (
			);
			runOnlyForDeploymentPostprocessing = 0;
		};
/* End PBXSourcesBuildPhase section */

/* Begin PBXTargetDependency section */
		1C0411D12CC53348003F1D61 /* PBXTargetDependency */ = {
			isa = PBXTargetDependency;
			target = 1C0411B82CC53341003F1D61 /* NodeNote */;
			targetProxy = 1C0411D02CC53348003F1D61 /* PBXContainerItemProxy */;
		};
		1C0411DB2CC53348003F1D61 /* PBXTargetDependency */ = {
			isa = PBXTargetDependency;
			target = 1C0411B82CC53341003F1D61 /* NodeNote */;
			targetProxy = 1C0411DA2CC53348003F1D61 /* PBXContainerItemProxy */;
		};
/* End PBXTargetDependency section */

/* Begin XCBuildConfiguration section */
		1C0411E32CC53348003F1D61 /* Debug */ = {
			isa = XCBuildConfiguration;
			buildSettings = {
				ASSETCATALOG_COMPILER_APPICON_NAME = AppIcon;
				ASSETCATALOG_COMPILER_GLOBAL_ACCENT_COLOR_NAME = AccentColor;
				CODE_SIGN_STYLE = Automatic;
				CURRENT_PROJECT_VERSION = 1;
				DEVELOPMENT_TEAM = DTTU2ZH69P;
				GENERATE_INFOPLIST_FILE = YES;
				INFOPLIST_FILE = NodeNote/Info.plist;
				INFOPLIST_KEY_UIApplicationSupportsIndirectInputEvents = YES;
				INFOPLIST_KEY_UILaunchStoryboardName = LaunchScreen;
				INFOPLIST_KEY_UIMainStoryboardFile = Main;
				INFOPLIST_KEY_UISupportedInterfaceOrientations = UIInterfaceOrientationPortrait;
				LD_RUNPATH_SEARCH_PATHS = (
					"$(inherited)",
					"@executable_path/Frameworks",
				);
				MARKETING_VERSION = 1.0;
				PRODUCT_BUNDLE_IDENTIFIER = com.preetendali.NodeNote;
				PRODUCT_NAME = "$(TARGET_NAME)";
				SWIFT_EMIT_LOC_STRINGS = YES;
				SWIFT_VERSION = 5.0;
				TARGETED_DEVICE_FAMILY = "1,2";
			};
			name = Debug;
		};
		1C0411E42CC53348003F1D61 /* Release */ = {
			isa = XCBuildConfiguration;
			buildSettings = {
				ASSETCATALOG_COMPILER_APPICON_NAME = AppIcon;
				ASSETCATALOG_COMPILER_GLOBAL_ACCENT_COLOR_NAME = AccentColor;
				CODE_SIGN_STYLE = Automatic;
				CURRENT_PROJECT_VERSION = 1;
				DEVELOPMENT_TEAM = DTTU2ZH69P;
				GENERATE_INFOPLIST_FILE = YES;
				INFOPLIST_FILE = NodeNote/Info.plist;
				INFOPLIST_KEY_UIApplicationSupportsIndirectInputEvents = YES;
				INFOPLIST_KEY_UILaunchStoryboardName = LaunchScreen;
				INFOPLIST_KEY_UIMainStoryboardFile = Main;
				INFOPLIST_KEY_UISupportedInterfaceOrientations = UIInterfaceOrientationPortrait;
				LD_RUNPATH_SEARCH_PATHS = (
					"$(inherited)",
					"@executable_path/Frameworks",
				);
				MARKETING_VERSION = 1.0;
				PRODUCT_BUNDLE_IDENTIFIER = com.preetendali.NodeNote;
				PRODUCT_NAME = "$(TARGET_NAME)";
				SWIFT_EMIT_LOC_STRINGS = YES;
				SWIFT_VERSION = 5.0;
				TARGETED_DEVICE_FAMILY = "1,2";
			};
			name = Release;
		};
		1C0411E52CC53348003F1D61 /* Debug */ = {
			isa = XCBuildConfiguration;
			buildSettings = {
				ALWAYS_SEARCH_USER_PATHS = NO;
				ASSETCATALOG_COMPILER_GENERATE_SWIFT_ASSET_SYMBOL_EXTENSIONS = YES;
				CLANG_ANALYZER_NONNULL = YES;
				CLANG_ANALYZER_NUMBER_OBJECT_CONVERSION = YES_AGGRESSIVE;
				CLANG_CXX_LANGUAGE_STANDARD = "gnu++20";
				CLANG_ENABLE_MODULES = YES;
				CLANG_ENABLE_OBJC_ARC = YES;
				CLANG_ENABLE_OBJC_WEAK = YES;
				CLANG_WARN_BLOCK_CAPTURE_AUTORELEASING = YES;
				CLANG_WARN_BOOL_CONVERSION = YES;
				CLANG_WARN_COMMA = YES;
				CLANG_WARN_CONSTANT_CONVERSION = YES;
				CLANG_WARN_DEPRECATED_OBJC_IMPLEMENTATIONS = YES;
				CLANG_WARN_DIRECT_OBJC_ISA_USAGE = YES_ERROR;
				CLANG_WARN_DOCUMENTATION_COMMENTS = YES;
				CLANG_WARN_EMPTY_BODY = YES;
				CLANG_WARN_ENUM_CONVERSION = YES;
				CLANG_WARN_INFINITE_RECURSION = YES;
				CLANG_WARN_INT_CONVERSION = YES;
				CLANG_WARN_NON_LITERAL_NULL_CONVERSION = YES;
				CLANG_WARN_OBJC_IMPLICIT_RETAIN_SELF = YES;
				CLANG_WARN_OBJC_LITERAL_CONVERSION = YES;
				CLANG_WARN_OBJC_ROOT_CLASS = YES_ERROR;
				CLANG_WARN_QUOTED_INCLUDE_IN_FRAMEWORK_HEADER = YES;
				CLANG_WARN_RANGE_LOOP_ANALYSIS = YES;
				CLANG_WARN_STRICT_PROTOTYPES = YES;
				CLANG_WARN_SUSPICIOUS_MOVE = YES;
				CLANG_WARN_UNGUARDED_AVAILABILITY = YES_AGGRESSIVE;
				CLANG_WARN_UNREACHABLE_CODE = YES;
				CLANG_WARN__DUPLICATE_METHOD_MATCH = YES;
				COPY_PHASE_STRIP = NO;
				DEBUG_INFORMATION_FORMAT = dwarf;
				ENABLE_STRICT_OBJC_MSGSEND = YES;
				ENABLE_TESTABILITY = YES;
				ENABLE_USER_SCRIPT_SANDBOXING = YES;
				GCC_C_LANGUAGE_STANDARD = gnu17;
				GCC_DYNAMIC_NO_PIC = NO;
				GCC_NO_COMMON_BLOCKS = YES;
				GCC_OPTIMIZATION_LEVEL = 0;
				GCC_PREPROCESSOR_DEFINITIONS = (
					"DEBUG=1",
					"$(inherited)",
				);
				GCC_WARN_64_TO_32_BIT_CONVERSION = YES;
				GCC_WARN_ABOUT_RETURN_TYPE = YES_ERROR;
				GCC_WARN_UNDECLARED_SELECTOR = YES;
				GCC_WARN_UNINITIALIZED_AUTOS = YES_AGGRESSIVE;
				GCC_WARN_UNUSED_FUNCTION = YES;
				GCC_WARN_UNUSED_VARIABLE = YES;
				IPHONEOS_DEPLOYMENT_TARGET = 18.0;
				LOCALIZATION_PREFERS_STRING_CATALOGS = YES;
				MTL_ENABLE_DEBUG_INFO = INCLUDE_SOURCE;
				MTL_FAST_MATH = YES;
				ONLY_ACTIVE_ARCH = YES;
				SDKROOT = iphoneos;
				SWIFT_ACTIVE_COMPILATION_CONDITIONS = "DEBUG $(inherited)";
				SWIFT_OPTIMIZATION_LEVEL = "-Onone";
			};
			name = Debug;
		};
		1C0411E62CC53348003F1D61 /* Release */ = {
			isa = XCBuildConfiguration;
			buildSettings = {
				ALWAYS_SEARCH_USER_PATHS = NO;
				ASSETCATALOG_COMPILER_GENERATE_SWIFT_ASSET_SYMBOL_EXTENSIONS = YES;
				CLANG_ANALYZER_NONNULL = YES;
				CLANG_ANALYZER_NUMBER_OBJECT_CONVERSION = YES_AGGRESSIVE;
				CLANG_CXX_LANGUAGE_STANDARD = "gnu++20";
				CLANG_ENABLE_MODULES = YES;
				CLANG_ENABLE_OBJC_ARC = YES;
				CLANG_ENABLE_OBJC_WEAK = YES;
				CLANG_WARN_BLOCK_CAPTURE_AUTORELEASING = YES;
				CLANG_WARN_BOOL_CONVERSION = YES;
				CLANG_WARN_COMMA = YES;
				CLANG_WARN_CONSTANT_CONVERSION = YES;
				CLANG_WARN_DEPRECATED_OBJC_IMPLEMENTATIONS = YES;
				CLANG_WARN_DIRECT_OBJC_ISA_USAGE = YES_ERROR;
				CLANG_WARN_DOCUMENTATION_COMMENTS = YES;
				CLANG_WARN_EMPTY_BODY = YES;
				CLANG_WARN_ENUM_CONVERSION = YES;
				CLANG_WARN_INFINITE_RECURSION = YES;
				CLANG_WARN_INT_CONVERSION = YES;
				CLANG_WARN_NON_LITERAL_NULL_CONVERSION = YES;
				CLANG_WARN_OBJC_IMPLICIT_RETAIN_SELF = YES;
				CLANG_WARN_OBJC_LITERAL_CONVERSION = YES;
				CLANG_WARN_OBJC_ROOT_CLASS = YES_ERROR;
				CLANG_WARN_QUOTED_INCLUDE_IN_FRAMEWORK_HEADER = YES;
				CLANG_WARN_RANGE_LOOP_ANALYSIS = YES;
				CLANG_WARN_STRICT_PROTOTYPES = YES;
				CLANG_WARN_SUSPICIOUS_MOVE = YES;
				CLANG_WARN_UNGUARDED_AVAILABILITY = YES_AGGRESSIVE;
				CLANG_WARN_UNREACHABLE_CODE = YES;
				CLANG_WARN__DUPLICATE_METHOD_MATCH = YES;
				COPY_PHASE_STRIP = NO;
				DEBUG_INFORMATION_FORMAT = "dwarf-with-dsym";
				ENABLE_NS_ASSERTIONS = NO;
				ENABLE_STRICT_OBJC_MSGSEND = YES;
				ENABLE_USER_SCRIPT_SANDBOXING = YES;
				GCC_C_LANGUAGE_STANDARD = gnu17;
				GCC_NO_COMMON_BLOCKS = YES;
				GCC_WARN_64_TO_32_BIT_CONVERSION = YES;
				GCC_WARN_ABOUT_RETURN_TYPE = YES_ERROR;
				GCC_WARN_UNDECLARED_SELECTOR = YES;
				GCC_WARN_UNINITIALIZED_AUTOS = YES_AGGRESSIVE;
				GCC_WARN_UNUSED_FUNCTION = YES;
				GCC_WARN_UNUSED_VARIABLE = YES;
				IPHONEOS_DEPLOYMENT_TARGET = 18.0;
				LOCALIZATION_PREFERS_STRING_CATALOGS = YES;
				MTL_ENABLE_DEBUG_INFO = NO;
				MTL_FAST_MATH = YES;
				SDKROOT = iphoneos;
				SWIFT_COMPILATION_MODE = wholemodule;
				VALIDATE_PRODUCT = YES;
			};
			name = Release;
		};
		1C0411E82CC53348003F1D61 /* Debug */ = {
			isa = XCBuildConfiguration;
			buildSettings = {
				BUNDLE_LOADER = "$(TEST_HOST)";
				CODE_SIGN_STYLE = Automatic;
				CURRENT_PROJECT_VERSION = 1;
				DEVELOPMENT_TEAM = DTTU2ZH69P;
				GENERATE_INFOPLIST_FILE = YES;
				IPHONEOS_DEPLOYMENT_TARGET = 18.0;
				MARKETING_VERSION = 1.0;
				PRODUCT_BUNDLE_IDENTIFIER = com.preetendali.NodeNoteTests;
				PRODUCT_NAME = "$(TARGET_NAME)";
				SWIFT_EMIT_LOC_STRINGS = NO;
				SWIFT_VERSION = 5.0;
				TARGETED_DEVICE_FAMILY = "1,2";
				TEST_HOST = "$(BUILT_PRODUCTS_DIR)/NodeNote.app/$(BUNDLE_EXECUTABLE_FOLDER_PATH)/NodeNote";
			};
			name = Debug;
		};
		1C0411E92CC53348003F1D61 /* Release */ = {
			isa = XCBuildConfiguration;
			buildSettings = {
				BUNDLE_LOADER = "$(TEST_HOST)";
				CODE_SIGN_STYLE = Automatic;
				CURRENT_PROJECT_VERSION = 1;
				DEVELOPMENT_TEAM = DTTU2ZH69P;
				GENERATE_INFOPLIST_FILE = YES;
				IPHONEOS_DEPLOYMENT_TARGET = 18.0;
				MARKETING_VERSION = 1.0;
				PRODUCT_BUNDLE_IDENTIFIER = com.preetendali.NodeNoteTests;
				PRODUCT_NAME = "$(TARGET_NAME)";
				SWIFT_EMIT_LOC_STRINGS = NO;
				SWIFT_VERSION = 5.0;
				TARGETED_DEVICE_FAMILY = "1,2";
				TEST_HOST = "$(BUILT_PRODUCTS_DIR)/NodeNote.app/$(BUNDLE_EXECUTABLE_FOLDER_PATH)/NodeNote";
			};
			name = Release;
		};
		1C0411EB2CC53348003F1D61 /* Debug */ = {
			isa = XCBuildConfiguration;
			buildSettings = {
				CODE_SIGN_STYLE = Automatic;
				CURRENT_PROJECT_VERSION = 1;
				DEVELOPMENT_TEAM = DTTU2ZH69P;
				GENERATE_INFOPLIST_FILE = YES;
				MARKETING_VERSION = 1.0;
				PRODUCT_BUNDLE_IDENTIFIER = com.preetendali.NodeNoteUITests;
				PRODUCT_NAME = "$(TARGET_NAME)";
				SWIFT_EMIT_LOC_STRINGS = NO;
				SWIFT_VERSION = 5.0;
				TARGETED_DEVICE_FAMILY = "1,2";
				TEST_TARGET_NAME = NodeNote;
			};
			name = Debug;
		};
		1C0411EC2CC53348003F1D61 /* Release */ = {
			isa = XCBuildConfiguration;
			buildSettings = {
				CODE_SIGN_STYLE = Automatic;
				CURRENT_PROJECT_VERSION = 1;
				DEVELOPMENT_TEAM = DTTU2ZH69P;
				GENERATE_INFOPLIST_FILE = YES;
				MARKETING_VERSION = 1.0;
				PRODUCT_BUNDLE_IDENTIFIER = com.preetendali.NodeNoteUITests;
				PRODUCT_NAME = "$(TARGET_NAME)";
				SWIFT_EMIT_LOC_STRINGS = NO;
				SWIFT_VERSION = 5.0;
				TARGETED_DEVICE_FAMILY = "1,2";
				TEST_TARGET_NAME = NodeNote;
			};
			name = Release;
		};
/* End XCBuildConfiguration section */

/* Begin XCConfigurationList section */
		1C0411B42CC53341003F1D61 /* Build configuration list for PBXProject "NodeNote" */ = {
			isa = XCConfigurationList;
			buildConfigurations = (
				1C0411E52CC53348003F1D61 /* Debug */,
				1C0411E62CC53348003F1D61 /* Release */,
			);
			defaultConfigurationIsVisible = 0;
			defaultConfigurationName = Release;
		};
		1C0411E22CC53348003F1D61 /* Build configuration list for PBXNativeTarget "NodeNote" */ = {
			isa = XCConfigurationList;
			buildConfigurations = (
				1C0411E32CC53348003F1D61 /* Debug */,
				1C0411E42CC53348003F1D61 /* Release */,
			);
			defaultConfigurationIsVisible = 0;
			defaultConfigurationName = Release;
		};
		1C0411E72CC53348003F1D61 /* Build configuration list for PBXNativeTarget "NodeNoteTests" */ = {
			isa = XCConfigurationList;
			buildConfigurations = (
				1C0411E82CC53348003F1D61 /* Debug */,
				1C0411E92CC53348003F1D61 /* Release */,
			);
			defaultConfigurationIsVisible = 0;
			defaultConfigurationName = Release;
		};
		1C0411EA2CC53348003F1D61 /* Build configuration list for PBXNativeTarget "NodeNoteUITests" */ = {
			isa = XCConfigurationList;
			buildConfigurations = (
				1C0411EB2CC53348003F1D61 /* Debug */,
				1C0411EC2CC53348003F1D61 /* Release */,
			);
			defaultConfigurationIsVisible = 0;
			defaultConfigurationName = Release;
		};
/* End XCConfigurationList section */

/* Begin XCRemoteSwiftPackageReference section */
		1C0411ED2CC53CFC003F1D61 /* XCRemoteSwiftPackageReference "Alamofire" */ = {
			isa = XCRemoteSwiftPackageReference;
			repositoryURL = "https://github.com/Alamofire/Alamofire";
			requirement = {
				kind = upToNextMajorVersion;
				minimumVersion = 5.10.1;
			};
		};
		1CF27E722CC5717000F0CC1A /* XCRemoteSwiftPackageReference "SwiftyJSON" */ = {
			isa = XCRemoteSwiftPackageReference;
			repositoryURL = "https://github.com/SwiftyJSON/SwiftyJSON";
			requirement = {
				kind = upToNextMajorVersion;
				minimumVersion = 5.0.2;
			};
		};
/* End XCRemoteSwiftPackageReference section */

/* Begin XCSwiftPackageProductDependency section */
		1CE8CD352CC548EE00A22D57 /* Alamofire */ = {
			isa = XCSwiftPackageProductDependency;
			package = 1C0411ED2CC53CFC003F1D61 /* XCRemoteSwiftPackageReference "Alamofire" */;
			productName = Alamofire;
		};
		1CF27E4E2CC54BFA00F0CC1A /* Alamofire */ = {
			isa = XCSwiftPackageProductDependency;
			package = 1C0411ED2CC53CFC003F1D61 /* XCRemoteSwiftPackageReference "Alamofire" */;
			productName = Alamofire;
		};
		1CF27E732CC5717000F0CC1A /* SwiftyJSON */ = {
			isa = XCSwiftPackageProductDependency;
			package = 1CF27E722CC5717000F0CC1A /* XCRemoteSwiftPackageReference "SwiftyJSON" */;
			productName = SwiftyJSON;
		};
		1CFE1A772CC54B5B00DD0A32 /* Alamofire */ = {
			isa = XCSwiftPackageProductDependency;
			package = 1C0411ED2CC53CFC003F1D61 /* XCRemoteSwiftPackageReference "Alamofire" */;
			productName = Alamofire;
		};
/* End XCSwiftPackageProductDependency section */
	};
	rootObject = 1C0411B12CC53341003F1D61 /* Project object */;
}
